
Microsoft Visual Studio Solution File, Format Version 12.00
# Visual Studio 14
VisualStudioVersion = 14.0.25420.1
MinimumVisualStudioVersion = 10.0.40219.1
Project("{FAE04EC0-301F-11D3-BF4B-00C04F79EFBC}") = "SudokuSolver", "SudokuSolver\SudokuSolver.csproj", "{D7B1B48D-8334-4FB4-BD2A-563BDAA68CA2}"
EndProject
Project("{FAE04EC0-301F-11D3-BF4B-00C04F79EFBC}") = "SudokuSolverTesting", "SudokuSolverTesting\SudokuSolverTesting.csproj", "{096B57B4-CC5E-47FE-8BC3-E829BB491B3B}"
EndProject
Global
	GlobalSection(SolutionConfigurationPlatforms) = preSolution
		Debug|Any CPU = Debug|Any CPU
		Release|Any CPU = Release|Any CPU
	EndGlobalSection
	GlobalSection(ProjectConfigurationPlatforms) = postSolution
		{D7B1B48D-8334-4FB4-BD2A-563BDAA68CA2}.Debug|Any CPU.ActiveCfg = Debug|Any CPU
		{D7B1B48D-8334-4FB4-BD2A-563BDAA68CA2}.Debug|Any CPU.Build.0 = Debug|Any CPU
		{D7B1B48D-8334-4FB4-BD2A-563BDAA68CA2}.Release|Any CPU.ActiveCfg = Release|Any CPU
		{D7B1B48D-8334-4FB4-BD2A-563BDAA68CA2}.Release|Any CPU.Build.0 = Release|Any CPU
		{096B57B4-CC5E-47FE-8BC3-E829BB491B3B}.Debug|Any CPU.ActiveCfg = Debug|Any CPU
		{096B57B4-CC5E-47FE-8BC3-E829BB491B3B}.Debug|Any CPU.Build.0 = Debug|Any CPU
		{096B57B4-CC5E-47FE-8BC3-E829BB491B3B}.Release|Any CPU.ActiveCfg = Release|Any CPU
		{096B57B4-CC5E-47FE-8BC3-E829BB491B3B}.Release|Any CPU.Build.0 = Release|Any CPU
	EndGlobalSection
	GlobalSection(SolutionProperties) = preSolution
		HideSolutionNode = FALSE
	EndGlobalSection
EndGlobal
